
Microsoft Visual Studio Solution File, Format Version 12.00
# Visual Studio Version 16
VisualStudioVersion = 16.0.31205.134
MinimumVisualStudioVersion = 10.0.40219.1
Project("{FAE04EC0-301F-11D3-BF4B-00C04F79EFBC}") = "FEWindowEvent", "FEWindowEvent\FEWindowEvent.csproj", "{205747ED-7147-4479-80F3-86FBC5C803E4}"
EndProject
Global
	GlobalSection(SolutionConfigurationPlatforms) = preSolution
		Debug|Any CPU = Debug|Any CPU
		Release|Any CPU = Release|Any CPU
	EndGlobalSection
	GlobalSection(ProjectConfigurationPlatforms) = postSolution
		{205747ED-7147-4479-80F3-86FBC5C803E4}.Debug|Any CPU.ActiveCfg = Debug|Any CPU
		{205747ED-7147-4479-80F3-86FBC5C803E4}.Debug|Any CPU.Build.0 = Debug|Any CPU
		{205747ED-7147-4479-80F3-86FBC5C803E4}.Release|Any CPU.ActiveCfg = Release|Any CPU
		{205747ED-7147-4479-80F3-86FBC5C803E4}.Release|Any CPU.Build.0 = Release|Any CPU
	EndGlobalSection
	GlobalSection(SolutionProperties) = preSolution
		HideSolutionNode = FALSE
	EndGlobalSection
	GlobalSection(ExtensibilityGlobals) = postSolution
		SolutionGuid = {0D32BB16-987E-4E30-AA8B-9FA7007FD362}
	EndGlobalSection
EndGlobal
